
Microsoft Visual Studio Solution File, Format Version 12.00
# Visual Studio Version 17
VisualStudioVersion = 17.14.36414.22
MinimumVisualStudioVersion = 10.0.40219.1
Project("{FAE04EC0-301F-11D3-BF4B-00C04F79EFBC}") = "Solucion-Parcial", "Solucion-Parcial\Solucion-Parcial.csproj", "{08328BD6-CAA4-4C4A-9385-CA76B93F7456}"
EndProject
Global
	GlobalSection(SolutionConfigurationPlatforms) = preSolution
		Debug|Any CPU = Debug|Any CPU
		Release|Any CPU = Release|Any CPU
	EndGlobalSection
	GlobalSection(ProjectConfigurationPlatforms) = postSolution
		{08328BD6-CAA4-4C4A-9385-CA76B93F7456}.Debug|Any CPU.ActiveCfg = Debug|Any CPU
		{08328BD6-CAA4-4C4A-9385-CA76B93F7456}.Debug|Any CPU.Build.0 = Debug|Any CPU
		{08328BD6-CAA4-4C4A-9385-CA76B93F7456}.Release|Any CPU.ActiveCfg = Release|Any CPU
		{08328BD6-CAA4-4C4A-9385-CA76B93F7456}.Release|Any CPU.Build.0 = Release|Any CPU
	EndGlobalSection
	GlobalSection(SolutionProperties) = preSolution
		HideSolutionNode = FALSE
	EndGlobalSection
	GlobalSection(ExtensibilityGlobals) = postSolution
		SolutionGuid = {0E15FBF9-11DA-43FC-84A9-A375AF44EA3C}
	EndGlobalSection
EndGlobal
